
Microsoft Visual Studio Solution File, Format Version 12.00
# Visual Studio Version 17
VisualStudioVersion = 17.1.32210.238
MinimumVisualStudioVersion = 10.0.40219.1
Project("{9A19103F-16F7-4668-BE54-9A1E7A4F7556}") = "SparkplugNet", "SparkplugNet\SparkplugNet.csproj", "{8CD41BF4-028E-41D4-8C19-F07F9D37080B}"
EndProject
Project("{9A19103F-16F7-4668-BE54-9A1E7A4F7556}") = "SparkplugNet.Tests", "SparkplugNet.Tests\SparkplugNet.Tests.csproj", "{E090B3E4-98D0-4D1D-B4B8-0582121069F9}"
EndProject
Project("{9A19103F-16F7-4668-BE54-9A1E7A4F7556}") = "SparkplugNet.Examples", "SparkplugNet.Examples\SparkplugNet.Examples.csproj", "{5A09589D-FB3F-4967-A104-B15549477202}"
EndProject
Project("{9A19103F-16F7-4668-BE54-9A1E7A4F7556}") = "SparkplugNet.IntegrationTests", "SparkplugNet.IntegrationTests\SparkplugNet.IntegrationTests.csproj", "{AB0FDEB9-DA26-4D53-9E9E-9BFD416ADB17}"
EndProject
Project("{2150E333-8FDC-42A3-9474-1A3956D46DE8}") = "Solution Items", "Solution Items", "{8CDAFEAC-5345-40C1-978E-C6826F4F6F09}"
	ProjectSection(SolutionItems) = preProject
		.editorconfig = .editorconfig
	EndProjectSection
EndProject
Global
	GlobalSection(SolutionConfigurationPlatforms) = preSolution
		Debug|Any CPU = Debug|Any CPU
		Release|Any CPU = Release|Any CPU
	EndGlobalSection
	GlobalSection(ProjectConfigurationPlatforms) = postSolution
		{8CD41BF4-028E-41D4-8C19-F07F9D37080B}.Debug|Any CPU.ActiveCfg = Debug|Any CPU
		{8CD41BF4-028E-41D4-8C19-F07F9D37080B}.Debug|Any CPU.Build.0 = Debug|Any CPU
		{8CD41BF4-028E-41D4-8C19-F07F9D37080B}.Release|Any CPU.ActiveCfg = Release|Any CPU
		{8CD41BF4-028E-41D4-8C19-F07F9D37080B}.Release|Any CPU.Build.0 = Release|Any CPU
		{E090B3E4-98D0-4D1D-B4B8-0582121069F9}.Debug|Any CPU.ActiveCfg = Debug|Any CPU
		{E090B3E4-98D0-4D1D-B4B8-0582121069F9}.Debug|Any CPU.Build.0 = Debug|Any CPU
		{E090B3E4-98D0-4D1D-B4B8-0582121069F9}.Release|Any CPU.ActiveCfg = Release|Any CPU
		{E090B3E4-98D0-4D1D-B4B8-0582121069F9}.Release|Any CPU.Build.0 = Release|Any CPU
		{5A09589D-FB3F-4967-A104-B15549477202}.Debug|Any CPU.ActiveCfg = Debug|Any CPU
		{5A09589D-FB3F-4967-A104-B15549477202}.Debug|Any CPU.Build.0 = Debug|Any CPU
		{5A09589D-FB3F-4967-A104-B15549477202}.Release|Any CPU.ActiveCfg = Release|Any CPU
		{5A09589D-FB3F-4967-A104-B15549477202}.Release|Any CPU.Build.0 = Release|Any CPU
		{AB0FDEB9-DA26-4D53-9E9E-9BFD416ADB17}.Debug|Any CPU.ActiveCfg = Debug|Any CPU
		{AB0FDEB9-DA26-4D53-9E9E-9BFD416ADB17}.Debug|Any CPU.Build.0 = Debug|Any CPU
		{AB0FDEB9-DA26-4D53-9E9E-9BFD416ADB17}.Release|Any CPU.ActiveCfg = Release|Any CPU
		{AB0FDEB9-DA26-4D53-9E9E-9BFD416ADB17}.Release|Any CPU.Build.0 = Release|Any CPU
	EndGlobalSection
	GlobalSection(SolutionProperties) = preSolution
		HideSolutionNode = FALSE
	EndGlobalSection
	GlobalSection(ExtensibilityGlobals) = postSolution
		SolutionGuid = {8E3D65A1-F7A2-42C6-9FCF-742F5AE18E50}
	EndGlobalSection
EndGlobal
